
Microsoft Visual Studio Solution File, Format Version 12.00
Project("{FAE04EC0-301F-11D3-BF4B-00C04F79EFBC}") = "ooap_lab10", "ooap_lab10\ooap_lab10.csproj", "{D192E565-158E-4FC6-AA1E-145BA5C2CB29}"
EndProject
Global
	GlobalSection(SolutionConfigurationPlatforms) = preSolution
		Debug|Any CPU = Debug|Any CPU
		Release|Any CPU = Release|Any CPU
	EndGlobalSection
	GlobalSection(ProjectConfigurationPlatforms) = postSolution
		{D192E565-158E-4FC6-AA1E-145BA5C2CB29}.Debug|Any CPU.ActiveCfg = Debug|Any CPU
		{D192E565-158E-4FC6-AA1E-145BA5C2CB29}.Debug|Any CPU.Build.0 = Debug|Any CPU
		{D192E565-158E-4FC6-AA1E-145BA5C2CB29}.Release|Any CPU.ActiveCfg = Release|Any CPU
		{D192E565-158E-4FC6-AA1E-145BA5C2CB29}.Release|Any CPU.Build.0 = Release|Any CPU
	EndGlobalSection
EndGlobal
